<Solution>
  <Folder Name="/app/">
    <Project Path="src/Client/Client.csproj" />
    <Project Path="src/Server/Server.csproj" />
    <Project Path="src/Shared/Shared.csproj" />
    <Project Path="docker-compose.dcproj">
      <Build />
    </Project>
  </Folder>
  <Folder Name="/tests/">
    <Project Path="tests/Unit/Unit.Tests.csproj" />
    <Project Path="tests/Integration/Integration.Tests.csproj" />
  </Folder>
</Solution>
