<Solution>
  <Project Path="docker-compose.dcproj">
    <Build />
  </Project>
  <Folder Name="/blazor-auto-vsa/" />
  <Project Path="blazor-auto-vsa/Client/Client.csproj" />
  <Project Path="blazor-auto-vsa/Server/Server.csproj" />
  <Project Path="blazor-auto-vsa/Shared/Shared.csproj" />
  <Project Path="Server.Tests/Server.Tests.csproj" />
</Solution>
